{
  "name": "editymceditface.client",
  "version": "17.0.0",
  "lockfileVersion": 1,
  "requires": true,
  "dependencies": {
    "bootstrap": {
      "version": "4.6.0",
      "resolved": "https://registry.npmjs.org/bootstrap/-/bootstrap-4.6.0.tgz",
      "integrity": "sha512-Io55IuQY3kydzHtbGvQya3H+KorS/M9rSNyfCGCg9WZ4pyT/lCxIlpJgG1GXW/PswzC84Tr2fBYi+7+jFVQQBw=="
    },
    "ckeditor": {
      "version": "4.12.1",
      "resolved": "https://registry.npmjs.org/ckeditor/-/ckeditor-4.12.1.tgz",
      "integrity": "sha512-pH2Su4oi0D4iN/3U8nUcwI7/lXHoOJi0aiN8e2zxnm4Ow5kq8eZP2ZGmpYyuqRyKZ2tHaU8+OyYi7laXcjiq9Q=="
    },
    "ckeditor-youtube-plugin": {
      "version": "2.1.15",
      "resolved": "https://registry.npmjs.org/ckeditor-youtube-plugin/-/ckeditor-youtube-plugin-2.1.15.tgz",
      "integrity": "sha512-tIqTdWnKgFLqD/cqJlZsUGIJk76rwwkr7toRdw1lP/svM72kPSbviLVZkZvidGIQ6sqmSyfYYBoz5ES8i8aHWw=="
    },
    "codemirror": {
      "version": "5.59.1",
      "resolved": "https://registry.npmjs.org/codemirror/-/codemirror-5.59.1.tgz",
      "integrity": "sha512-d0SSW/PCCD4LoSCBPdnP0BzmZB1v3emomCUtVlIWgZHJ06yVeBOvBtOH7vYz707pfAvEeWbO9aP6akh8vl1V3w=="
    },
    "htmlrapier": {
      "version": "25.0.0",
      "resolved": "https://registry.npmjs.org/htmlrapier/-/htmlrapier-25.0.0.tgz",
      "integrity": "sha512-4+lJmI2WVxEPAZd4RKE9Dv8ycYqBcHbuLxhRzVx05X0ucKI/hRsMWCoA4Xxvue7q5IH5NlH4w8GKfk3FZ6vgvg==",
      "requires": {
        "tslib": ">=1.6.1"
      }
    },
    "htmlrapier.bootstrap": {
      "version": "9.0.0",
      "resolved": "https://registry.npmjs.org/htmlrapier.bootstrap/-/htmlrapier.bootstrap-9.0.0.tgz",
      "integrity": "sha512-UdkLBFXANugE7ejI9AVh5QNjDiKbTx2i8qCb6v7sAz0zeuF+u47Cv07LNiH51fnwUw/Ufgm7LTnxQWAca9xW0w==",
      "requires": {
        "htmlrapier": ">=25.0.0"
      }
    },
    "htmlrapier.form.bootstrap4": {
      "version": "4.0.0",
      "resolved": "https://registry.npmjs.org/htmlrapier.form.bootstrap4/-/htmlrapier.form.bootstrap4-4.0.0.tgz",
      "integrity": "sha512-V9/D1tiWQIsq8GtupiozJ2Ip2NosUVd2OETPtzBpAloAVnHkINBgT3Lxhz+QgbmDnN8Mr9MIUFNPzk26kWW8XA==",
      "requires": {
        "bootstrap": ">=4.1.0",
        "htmlrapier": ">=25.0.0"
      }
    },
    "htmlrapier.halcyon": {
      "version": "10.0.0",
      "resolved": "https://registry.npmjs.org/htmlrapier.halcyon/-/htmlrapier.halcyon-10.0.0.tgz",
      "integrity": "sha512-9DQuDyVinIx939+lQq4GX6IMIOnVgv28RxrS8o+KvGQr1Dd15mU2va6Ckfr3e1WmKn9tX3lrYOUnuQWqeg2YzA==",
      "requires": {
        "htmlrapier": ">=25.0.0"
      }
    },
    "htmlrapier.sidebar": {
      "version": "4.0.0",
      "resolved": "https://registry.npmjs.org/htmlrapier.sidebar/-/htmlrapier.sidebar-4.0.0.tgz",
      "integrity": "sha512-jlBVVvFWNFRB/FauNdgJfAr7Jv8SLjQPXfQdj925Bxgt+z8OCrRNndy6s2WXV3wj6HyP8+k+OoaiXA2c44m/1Q==",
      "requires": {
        "bootstrap": "^3.3.6",
        "htmlrapier": ">=10.0.0"
      },
      "dependencies": {
        "bootstrap": {
          "version": "3.4.1",
          "resolved": "https://registry.npmjs.org/bootstrap/-/bootstrap-3.4.1.tgz",
          "integrity": "sha512-yN5oZVmRCwe5aKwzRj6736nSmKDX7pLYwsXiCj/EYmo16hODaBiT4En5btW/jhBF/seV+XMx3aYwukYC3A49DA=="
        }
      }
    },
    "htmlrapier.treemenu": {
      "version": "6.1.2",
      "resolved": "https://registry.npmjs.org/htmlrapier.treemenu/-/htmlrapier.treemenu-6.1.2.tgz",
      "integrity": "sha512-MstUhiwEPMdz33eoFnuSzmJwUiHiWe02R1aHY60rj3wTOfEQ5QjZIR4qwiyRygtDp+B/0Im1EVbF8yE82gPM2A==",
      "requires": {
        "htmlrapier": ">=8.0.1"
      }
    },
    "htmlrapier.widgets": {
      "version": "16.0.0",
      "resolved": "https://registry.npmjs.org/htmlrapier.widgets/-/htmlrapier.widgets-16.0.0.tgz",
      "integrity": "sha512-qjjkRrjnxjm4u0JaljZMrEheiS01noOAvxd2A5jYMA3YsujtnGGLxTqMt6FddKFWOajKmn9olrFpuccP8927Lg==",
      "requires": {
        "htmlrapier": ">=25.0.0",
        "htmlrapier.halcyon": ">=10.0.0"
      }
    },
    "jsns": {
      "version": "5.1.0",
      "resolved": "https://registry.npmjs.org/jsns/-/jsns-5.1.0.tgz",
      "integrity": "sha512-0Z0gpEMpY0iniqlVssEHCFDhM+IcoFuAjPzToAp4w+JB/3+XhEOeaWuIBewBDsUcA6DTE/RJY0N1wZIpd3N+qA=="
    },
    "tslib": {
      "version": "2.3.0",
      "resolved": "https://registry.npmjs.org/tslib/-/tslib-2.3.0.tgz",
      "integrity": "sha512-N82ooyxVNm6h1riLCoyS9e3fuJ3AMG2zIZs2Gd1ATcSFjSA23Q0fzjjZeh0jbJvWVDZ0cJT8yaNNaaXHzueNjg=="
    }
  }
}
