{
  "name": "editymceditface.client",
  "version": "14.3.2",
  "lockfileVersion": 1,
  "requires": true,
  "dependencies": {
    "bootstrap": {
      "version": "3.4.1",
      "resolved": "https://registry.npmjs.org/bootstrap/-/bootstrap-3.4.1.tgz",
      "integrity": "sha512-yN5oZVmRCwe5aKwzRj6736nSmKDX7pLYwsXiCj/EYmo16hODaBiT4En5btW/jhBF/seV+XMx3aYwukYC3A49DA=="
    },
    "ckeditor": {
      "version": "4.12.1",
      "resolved": "https://registry.npmjs.org/ckeditor/-/ckeditor-4.12.1.tgz",
      "integrity": "sha512-pH2Su4oi0D4iN/3U8nUcwI7/lXHoOJi0aiN8e2zxnm4Ow5kq8eZP2ZGmpYyuqRyKZ2tHaU8+OyYi7laXcjiq9Q=="
    },
    "ckeditor-youtube-plugin": {
      "version": "2.1.15",
      "resolved": "https://registry.npmjs.org/ckeditor-youtube-plugin/-/ckeditor-youtube-plugin-2.1.15.tgz",
      "integrity": "sha512-tIqTdWnKgFLqD/cqJlZsUGIJk76rwwkr7toRdw1lP/svM72kPSbviLVZkZvidGIQ6sqmSyfYYBoz5ES8i8aHWw=="
    },
    "codemirror": {
      "version": "5.59.1",
      "resolved": "https://registry.npmjs.org/codemirror/-/codemirror-5.59.1.tgz",
      "integrity": "sha512-d0SSW/PCCD4LoSCBPdnP0BzmZB1v3emomCUtVlIWgZHJ06yVeBOvBtOH7vYz707pfAvEeWbO9aP6akh8vl1V3w=="
    },
    "htmlrapier": {
      "version": "24.0.2",
      "resolved": "https://registry.npmjs.org/htmlrapier/-/htmlrapier-24.0.2.tgz",
      "integrity": "sha512-Zu+Ohj+X2tfOowzaIftraRz4IBGoTaTCIJESTn6hbwpNZ4qBeACC4eyokDLIrRQpm2rzdosZzKPUlyTx/nqMdw==",
      "requires": {
        "tslib": ">=1.6.1"
      }
    },
    "htmlrapier.bootstrap": {
      "version": "8.0.0",
      "resolved": "https://registry.npmjs.org/htmlrapier.bootstrap/-/htmlrapier.bootstrap-8.0.0.tgz",
      "integrity": "sha512-PQ00z1DuHNnczkorlNyxYNnBklSY7UCIKg4wmlJfr54gusSkNW7gU0scOu/abRvoMGNKVWFRZLn3ekUFFqtRwA==",
      "requires": {
        "bootstrap": ">=3.3.7",
        "htmlrapier": ">=8.1.0",
        "jquery": ">=3.5.0"
      }
    },
    "htmlrapier.halcyon": {
      "version": "9.0.0",
      "resolved": "https://registry.npmjs.org/htmlrapier.halcyon/-/htmlrapier.halcyon-9.0.0.tgz",
      "integrity": "sha512-sKPKrHvJJKEWM9I6txvBbGQqSL47gBqa5o5nRFXN3L6T04ujoa8eyGfDSDpNjBjGJv4Ctn0QqZv9aXCHwCiYWg==",
      "requires": {
        "htmlrapier": ">=24.0.0"
      }
    },
    "htmlrapier.sidebar": {
      "version": "3.1.1",
      "resolved": "https://registry.npmjs.org/htmlrapier.sidebar/-/htmlrapier.sidebar-3.1.1.tgz",
      "integrity": "sha512-P0OaQKdHWM9sbTleRp/RY9mTnrRGlEsoTeNl3HFHx1tVA3dAW3IWKUODA5IV4qVxhr6olqS+eE45/Qclg09MLQ==",
      "requires": {
        "bootstrap": "^3.3.6",
        "htmlrapier": ">=10.0.0"
      }
    },
    "htmlrapier.treemenu": {
      "version": "6.1.1",
      "resolved": "https://registry.npmjs.org/htmlrapier.treemenu/-/htmlrapier.treemenu-6.1.1.tgz",
      "integrity": "sha512-H4SAPitse3j5Y5k9kSpDq0BKPdoc7xlKtQksQBn7efctb1qwmkWnJ4w+uq451sOA51uoIFBW8pLPEZPyYEecNg==",
      "requires": {
        "htmlrapier": ">=8.0.1"
      }
    },
    "htmlrapier.widgets": {
      "version": "15.12.1",
      "resolved": "https://registry.npmjs.org/htmlrapier.widgets/-/htmlrapier.widgets-15.12.1.tgz",
      "integrity": "sha512-uHYw3K//uRFuMorDrWps4NW+L+MJsTCOssLod18rOAUrUGAgEBQ1EWpagd4Nbux5RUlzou39IVY/lXNNhmhvug==",
      "requires": {
        "htmlrapier": ">=14.3.0",
        "htmlrapier.halcyon": ">=7.0.0"
      }
    },
    "jquery": {
      "version": "3.5.1",
      "resolved": "https://registry.npmjs.org/jquery/-/jquery-3.5.1.tgz",
      "integrity": "sha512-XwIBPqcMn57FxfT+Go5pzySnm4KWkT1Tv7gjrpT1srtf8Weynl6R273VJ5GjkRb51IzMp5nbaPjJXMWeju2MKg=="
    },
    "jsns": {
      "version": "5.0.0",
      "resolved": "https://registry.npmjs.org/jsns/-/jsns-5.0.0.tgz",
      "integrity": "sha1-x2QpuCKmgQDu+NS40/EXKwKGZOQ="
    },
    "tslib": {
      "version": "2.0.3",
      "resolved": "https://registry.npmjs.org/tslib/-/tslib-2.0.3.tgz",
      "integrity": "sha512-uZtkfKblCEQtZKBF6EBXVZeQNl82yqtDQdv+eck8u7tdPxjLu2/lp5/uPW+um2tpuxINHWy3GhiccY7QgEaVHQ=="
    }
  }
}
