# THIS IS AN AUTOGENERATED FILE. DO NOT EDIT THIS FILE DIRECTLY.
# yarn lockfile v1


"@types/es6-promise@^0.0.32":
  version "0.0.32"
  resolved "https://registry.yarnpkg.com/@types/es6-promise/-/es6-promise-0.0.32.tgz#3bcf44fb1e429f3df76188c8c6d874463ba371fd"

bootstrap@>=3.3.7:
  version "3.3.7"
  resolved "https://registry.yarnpkg.com/bootstrap/-/bootstrap-3.3.7.tgz#5a389394549f23330875a3b150656574f8a9eb71"

bootstrap@>=4.1.0, bootstrap@^4.5.3:
  version "4.5.3"
  resolved "https://registry.yarnpkg.com/bootstrap/-/bootstrap-4.5.3.tgz#c6a72b355aaf323920be800246a6e4ef30997fe6"

bootstrap@^3.3.6:
  version "3.4.1"
  resolved "https://registry.yarnpkg.com/bootstrap/-/bootstrap-3.4.1.tgz#c3a347d419e289ad11f4033e3c4132b87c081d72"

ckeditor-youtube-plugin@^2.1.5:
  version "2.1.5"
  resolved "https://registry.yarnpkg.com/ckeditor-youtube-plugin/-/ckeditor-youtube-plugin-2.1.5.tgz#a0d491204dc4b54def475a910333041073e577ab"

ckeditor@^4.11.1:
  version "4.12.1"
  resolved "https://registry.yarnpkg.com/ckeditor/-/ckeditor-4.12.1.tgz#954a7b028dd611e44ba51cc7c2fe051cf1052186"

codemirror@^5.28.0:
  version "5.59.1"
  resolved "https://registry.yarnpkg.com/codemirror/-/codemirror-5.59.1.tgz#cd6465555a87f8a2243eb41ffb460c777e15212c"

htmlrapier.bootstrap@^8.0.0:
  version "8.0.0"
  resolved "https://registry.yarnpkg.com/htmlrapier.bootstrap/-/htmlrapier.bootstrap-8.0.0.tgz#7d61ad51370061127c432f169d4c62f1a80d7df9"
  dependencies:
    bootstrap ">=3.3.7"
    htmlrapier ">=8.1.0"
    jquery ">=3.5.0"

htmlrapier.form.bootstrap4@^3.0.1:
  version "3.0.1"
  resolved "https://registry.yarnpkg.com/htmlrapier.form.bootstrap4/-/htmlrapier.form.bootstrap4-3.0.1.tgz#78a6a0ac73d4de2f94ec88468c388ee30642e768"
  dependencies:
    bootstrap ">=4.1.0"
    htmlrapier ">=19.0.0"

htmlrapier.halcyon@>=7.0.0, htmlrapier.halcyon@^9.0.0:
  version "9.0.0"
  resolved "https://registry.yarnpkg.com/htmlrapier.halcyon/-/htmlrapier.halcyon-9.0.0.tgz#650f8f51f50127ef08bce1f48c4a7fafd3bae3b1"
  dependencies:
    htmlrapier ">=24.0.0"

htmlrapier.sidebar@^4.0.0:
  version "4.0.0"
  resolved "https://registry.yarnpkg.com/htmlrapier.sidebar/-/htmlrapier.sidebar-4.0.0.tgz#9cc9d11428360ea6999f45e1ccc5ee16f9d5ccd0"
  dependencies:
    bootstrap "^3.3.6"
    htmlrapier ">=10.0.0"

htmlrapier.treemenu@^6.1.2:
  version "6.1.2"
  resolved "https://registry.yarnpkg.com/htmlrapier.treemenu/-/htmlrapier.treemenu-6.1.2.tgz#228882036a5050bc364c3a5ccd0ff5facd8bd511"
  dependencies:
    htmlrapier ">=8.0.1"

htmlrapier.widgets@^15.12.1:
  version "15.12.1"
  resolved "https://registry.yarnpkg.com/htmlrapier.widgets/-/htmlrapier.widgets-15.12.1.tgz#719a06a680be8213f8e0db40beb444ee95d5f094"
  dependencies:
    htmlrapier ">=14.3.0"
    htmlrapier.halcyon ">=7.0.0"

htmlrapier@>=10.0.0, htmlrapier@>=8.0.1, htmlrapier@>=8.1.0:
  version "11.0.0"
  resolved "https://registry.yarnpkg.com/htmlrapier/-/htmlrapier-11.0.0.tgz#7e998e2deffe5d3bb8d8bb5d24f0e625fd484591"
  dependencies:
    "@types/es6-promise" "^0.0.32"
    tslib "^1.6.1"

htmlrapier@>=14.3.0, htmlrapier@>=19.0.0, htmlrapier@>=24.0.0, htmlrapier@^24.0.2:
  version "24.0.2"
  resolved "https://registry.yarnpkg.com/htmlrapier/-/htmlrapier-24.0.2.tgz#459a56f17d50b476f8986137dc0ba130526fb7f2"
  dependencies:
    tslib ">=1.6.1"

jquery@>=3.5.0:
  version "3.5.1"
  resolved "https://registry.yarnpkg.com/jquery/-/jquery-3.5.1.tgz#d7b4d08e1bfdb86ad2f1a3d039ea17304717abb5"

jsns@>=5.0.0:
  version "5.0.0"
  resolved "https://registry.yarnpkg.com/jsns/-/jsns-5.0.0.tgz#c76429b822a68100eef8d4b8d3f1172b028664e4"

tslib@>=1.6.1:
  version "2.1.0"
  resolved "https://registry.yarnpkg.com/tslib/-/tslib-2.1.0.tgz#da60860f1c2ecaa5703ab7d39bc05b6bf988b97a"

tslib@^1.6.1:
  version "1.7.1"
  resolved "https://registry.yarnpkg.com/tslib/-/tslib-1.7.1.tgz#bc8004164691923a79fe8378bbeb3da2017538ec"
