# THIS IS AN AUTOGENERATED FILE. DO NOT EDIT THIS FILE DIRECTLY.
# yarn lockfile v1


"@types/es6-promise@^0.0.32":
  version "0.0.32"
  resolved "https://registry.yarnpkg.com/@types/es6-promise/-/es6-promise-0.0.32.tgz#3bcf44fb1e429f3df76188c8c6d874463ba371fd"

"@types/node@^6.0.69":
  version "6.0.78"
  resolved "https://registry.yarnpkg.com/@types/node/-/node-6.0.78.tgz#5d4a3f579c1524e01ee21bf474e6fba09198f470"

bootstrap@~3.3.6:
  version "3.3.7"
  resolved "https://registry.yarnpkg.com/bootstrap/-/bootstrap-3.3.7.tgz#5a389394549f23330875a3b150656574f8a9eb71"

ckeditor-youtube-plugin@^2.1.5:
  version "2.1.5"
  resolved "https://registry.yarnpkg.com/ckeditor-youtube-plugin/-/ckeditor-youtube-plugin-2.1.5.tgz#a0d491204dc4b54def475a910333041073e577ab"

ckeditor@~4.6.0:
  version "4.6.2"
  resolved "https://registry.yarnpkg.com/ckeditor/-/ckeditor-4.6.2.tgz#b1552b7a2f9537e165d7afd2d29d3d4959ff6bad"

codemirror@~5.25.2:
  version "5.25.2"
  resolved "https://registry.yarnpkg.com/codemirror/-/codemirror-5.25.2.tgz#8c77677ca9c9248d757d3a07ed1e89a8404850b7"

htmlrapier.bootstrap@>=4.2.1:
  version "4.2.1"
  resolved "https://registry.yarnpkg.com/htmlrapier.bootstrap/-/htmlrapier.bootstrap-4.2.1.tgz#98141adcdcb024cd45ab2e2431eb7c647c5d8069"
  dependencies:
    htmlrapier ">=4.1.0"

htmlrapier.halcyon@>=6.0.0:
  version "6.0.0"
  resolved "https://registry.yarnpkg.com/htmlrapier.halcyon/-/htmlrapier.halcyon-6.0.0.tgz#319a340352eaad8d3a5f2d34770c0d9030cc0030"
  dependencies:
    htmlrapier ">=7.0.0"

htmlrapier.json-editor@>=4.2.0:
  version "4.2.0"
  resolved "https://registry.yarnpkg.com/htmlrapier.json-editor/-/htmlrapier.json-editor-4.2.0.tgz#7abd46d372cdd60b9aeb703c44a28163416ee530"
  dependencies:
    htmlrapier ">=5.2.0"
    json-editor "~0.7.28"

htmlrapier.sidebar@>=2.1.0:
  version "2.1.0"
  resolved "https://registry.yarnpkg.com/htmlrapier.sidebar/-/htmlrapier.sidebar-2.1.0.tgz#b100d5ce738a1911eff7ea366de62b7a74c28892"
  dependencies:
    bootstrap "~3.3.6"
    htmlrapier ">=5.1.6"

htmlrapier.treemenu@>=6.0.0:
  version "6.0.0"
  resolved "https://registry.yarnpkg.com/htmlrapier.treemenu/-/htmlrapier.treemenu-6.0.0.tgz#3085033796ea88032fde7e70434f5f96ded8de75"
  dependencies:
    htmlrapier ">=8.0.1"

htmlrapier.widgets@>=6.1.0:
  version "6.1.0"
  resolved "https://registry.yarnpkg.com/htmlrapier.widgets/-/htmlrapier.widgets-6.1.0.tgz#29529d989d0e53e6b3bbd225c8b8ef840c24e73d"
  dependencies:
    htmlrapier ">=8.0.2"
    htmlrapier.bootstrap ">=4.2.1"
    htmlrapier.halcyon ">=6.0.0"
    htmlrapier.json-editor ">=4.2.0"

htmlrapier@>=4.1.0, htmlrapier@>=5.1.6, htmlrapier@>=5.2.0, htmlrapier@>=7.0.0, htmlrapier@>=8.0.1, htmlrapier@>=8.0.2:
  version "8.0.2"
  resolved "https://registry.yarnpkg.com/htmlrapier/-/htmlrapier-8.0.2.tgz#e0d7a8565f4384d2fa07541464f7a473907486f0"
  dependencies:
    "@types/es6-promise" "^0.0.32"
    tslib "^1.6.1"

jsns@>=4.2.0:
  version "4.2.2"
  resolved "https://registry.yarnpkg.com/jsns/-/jsns-4.2.2.tgz#1e3bd502322adb49e1d80e109be1f1fa972184fb"

json-editor@~0.7.28:
  version "0.7.28"
  resolved "https://registry.yarnpkg.com/json-editor/-/json-editor-0.7.28.tgz#2aa5b0990a2b5076789158e7dd8a2d2108ce9cc5"

tslib@^1.6.1:
  version "1.7.1"
  resolved "https://registry.yarnpkg.com/tslib/-/tslib-1.7.1.tgz#bc8004164691923a79fe8378bbeb3da2017538ec"
